
Microsoft Visual Studio Solution File, Format Version 12.00
# Visual Studio Version 17
VisualStudioVersion = 17.0.31612.314
MinimumVisualStudioVersion = 10.0.40219.1
Project("{FAE04EC0-301F-11D3-BF4B-00C04F79EFBC}") = "EMCatraca.Core", "EMCatraca.Core\EMCatraca.Core.csproj", "{1D4AE327-5FEF-4389-9A67-12D3FE234439}"
EndProject
Project("{FAE04EC0-301F-11D3-BF4B-00C04F79EFBC}") = "EMCatraca.ServiceHost", "EMCatraca.ServiceHost\EMCatraca.ServiceHost.csproj", "{C0B601A0-AE4B-40A9-B604-FD20523AB85B}"
EndProject
Project("{FAE04EC0-301F-11D3-BF4B-00C04F79EFBC}") = "EMCatraca.Server", "EMCatraca.Server\EMCatraca.Server.csproj", "{725F98DC-3ADD-410B-B0A4-AEFD7ADD4181}"
EndProject
Project("{FAE04EC0-301F-11D3-BF4B-00C04F79EFBC}") = "EMCatraca.MonitorAcesso", "EMCatraca.MonitorAcesso\EMCatraca.MonitorAcesso.csproj", "{D563EB04-03B9-454E-90DC-23032BA47C62}"
EndProject
Project("{2150E333-8FDC-42A3-9474-1A3956D46DE8}") = "Integracoes", "Integracoes", "{5CEDDF01-6817-420A-A3DA-4E3F982ACACB}"
EndProject
Project("{FAE04EC0-301F-11D3-BF4B-00C04F79EFBC}") = "EMCatraca.ServiceHostDebugger", "EMCatraca.ServiceHostDebugger\EMCatraca.ServiceHostDebugger.csproj", "{677D3151-B16F-4BA0-B207-AE0ADB804B29}"
EndProject
Project("{FAE04EC0-301F-11D3-BF4B-00C04F79EFBC}") = "EMCatraca.Simuladores", "EMCatraca.Simuladores\EMCatraca.Simuladores.csproj", "{D91355B6-7BBC-4DD2-97ED-11E5B925E1C8}"
EndProject
Project("{FAE04EC0-301F-11D3-BF4B-00C04F79EFBC}") = "EMCatraca.Henry", "Integracoes\EMCatraca.Henry\EMCatraca.Henry.csproj", "{A411D4AB-178F-4D65-A487-6DB81C47D7D7}"
EndProject
Project("{FAE04EC0-301F-11D3-BF4B-00C04F79EFBC}") = "EMCatraca.RegrasAcesso", "Integracoes\EMCatraca.RegrasAcesso\EMCatraca.RegrasAcesso.csproj", "{22A4E1A1-4143-42A8-878C-99951FC99C16}"
EndProject
Project("{FAE04EC0-301F-11D3-BF4B-00C04F79EFBC}") = "EMCatraca.TopData", "Integracoes\EMCatraca.TopData\EMCatraca.TopData.csproj", "{4D569F28-41CB-4E19-8B87-CC13CC2C04EC}"
EndProject
Project("{FAE04EC0-301F-11D3-BF4B-00C04F79EFBC}") = "EMCatraca.Neokoros", "Integracoes\EMCatraca.Neokoros\EMCatraca.Neokoros.csproj", "{0B88D6FF-5EB7-4559-BE92-5F517AD34937}"
EndProject
Project("{FAE04EC0-301F-11D3-BF4B-00C04F79EFBC}") = "EMCatraca.Control.ID", "EMCatraca.Control.ID\EMCatraca.Control.ID.csproj", "{0461753D-1256-4822-B785-0A80DB69606D}"
EndProject
Project("{2150E333-8FDC-42A3-9474-1A3956D46DE8}") = "Solution Items", "Solution Items", "{E7A117C5-4A28-49BF-93DD-6DD0CE5B357B}"
	ProjectSection(SolutionItems) = preProject
		EMCatraca.WindowsForms.Configuracoes\EMCatraca.WindowsForms.Configuracoes.csproj = EMCatraca.WindowsForms.Configuracoes\EMCatraca.WindowsForms.Configuracoes.csproj
	EndProjectSection
EndProject
Project("{FAE04EC0-301F-11D3-BF4B-00C04F79EFBC}") = "EMCatraca.WindowsForms.Configuracoes", "EMCatraca.WindowsForms.Configuracoes\EMCatraca.WindowsForms.Configuracoes.csproj", "{021F38E9-145E-4763-AB99-9EA39F1A1DAA}"
EndProject
Project("{FAE04EC0-301F-11D3-BF4B-00C04F79EFBC}") = "EMCatraca.WebApi", "EMCatraca.WebApi\EMCatraca.WebApi.csproj", "{5878CFF6-F0D4-4142-BEFE-9C6B904E29A1}"
EndProject
Global
	GlobalSection(SolutionConfigurationPlatforms) = preSolution
		Debug|Any CPU = Debug|Any CPU
		Debug|ARM = Debug|ARM
		Debug|ARM64 = Debug|ARM64
		Debug|x64 = Debug|x64
		Debug|x86 = Debug|x86
		Release|Any CPU = Release|Any CPU
		Release|ARM = Release|ARM
		Release|ARM64 = Release|ARM64
		Release|x64 = Release|x64
		Release|x86 = Release|x86
	EndGlobalSection
	GlobalSection(ProjectConfigurationPlatforms) = postSolution
		{1D4AE327-5FEF-4389-9A67-12D3FE234439}.Debug|Any CPU.ActiveCfg = Debug|Any CPU
		{1D4AE327-5FEF-4389-9A67-12D3FE234439}.Debug|Any CPU.Build.0 = Debug|Any CPU
		{1D4AE327-5FEF-4389-9A67-12D3FE234439}.Debug|ARM.ActiveCfg = Debug|Any CPU
		{1D4AE327-5FEF-4389-9A67-12D3FE234439}.Debug|ARM.Build.0 = Debug|Any CPU
		{1D4AE327-5FEF-4389-9A67-12D3FE234439}.Debug|ARM64.ActiveCfg = Debug|Any CPU
		{1D4AE327-5FEF-4389-9A67-12D3FE234439}.Debug|ARM64.Build.0 = Debug|Any CPU
		{1D4AE327-5FEF-4389-9A67-12D3FE234439}.Debug|x64.ActiveCfg = Debug|Any CPU
		{1D4AE327-5FEF-4389-9A67-12D3FE234439}.Debug|x64.Build.0 = Debug|Any CPU
		{1D4AE327-5FEF-4389-9A67-12D3FE234439}.Debug|x86.ActiveCfg = Debug|Any CPU
		{1D4AE327-5FEF-4389-9A67-12D3FE234439}.Debug|x86.Build.0 = Debug|Any CPU
		{1D4AE327-5FEF-4389-9A67-12D3FE234439}.Release|Any CPU.ActiveCfg = Release|Any CPU
		{1D4AE327-5FEF-4389-9A67-12D3FE234439}.Release|Any CPU.Build.0 = Release|Any CPU
		{1D4AE327-5FEF-4389-9A67-12D3FE234439}.Release|ARM.ActiveCfg = Release|Any CPU
		{1D4AE327-5FEF-4389-9A67-12D3FE234439}.Release|ARM.Build.0 = Release|Any CPU
		{1D4AE327-5FEF-4389-9A67-12D3FE234439}.Release|ARM64.ActiveCfg = Release|Any CPU
		{1D4AE327-5FEF-4389-9A67-12D3FE234439}.Release|ARM64.Build.0 = Release|Any CPU
		{1D4AE327-5FEF-4389-9A67-12D3FE234439}.Release|x64.ActiveCfg = Release|Any CPU
		{1D4AE327-5FEF-4389-9A67-12D3FE234439}.Release|x64.Build.0 = Release|Any CPU
		{1D4AE327-5FEF-4389-9A67-12D3FE234439}.Release|x86.ActiveCfg = Release|Any CPU
		{1D4AE327-5FEF-4389-9A67-12D3FE234439}.Release|x86.Build.0 = Release|Any CPU
		{C0B601A0-AE4B-40A9-B604-FD20523AB85B}.Debug|Any CPU.ActiveCfg = Debug|Any CPU
		{C0B601A0-AE4B-40A9-B604-FD20523AB85B}.Debug|Any CPU.Build.0 = Debug|Any CPU
		{C0B601A0-AE4B-40A9-B604-FD20523AB85B}.Debug|ARM.ActiveCfg = Debug|Any CPU
		{C0B601A0-AE4B-40A9-B604-FD20523AB85B}.Debug|ARM.Build.0 = Debug|Any CPU
		{C0B601A0-AE4B-40A9-B604-FD20523AB85B}.Debug|ARM64.ActiveCfg = Debug|Any CPU
		{C0B601A0-AE4B-40A9-B604-FD20523AB85B}.Debug|ARM64.Build.0 = Debug|Any CPU
		{C0B601A0-AE4B-40A9-B604-FD20523AB85B}.Debug|x64.ActiveCfg = Debug|Any CPU
		{C0B601A0-AE4B-40A9-B604-FD20523AB85B}.Debug|x64.Build.0 = Debug|Any CPU
		{C0B601A0-AE4B-40A9-B604-FD20523AB85B}.Debug|x86.ActiveCfg = Debug|Any CPU
		{C0B601A0-AE4B-40A9-B604-FD20523AB85B}.Debug|x86.Build.0 = Debug|Any CPU
		{C0B601A0-AE4B-40A9-B604-FD20523AB85B}.Release|Any CPU.ActiveCfg = Release|Any CPU
		{C0B601A0-AE4B-40A9-B604-FD20523AB85B}.Release|Any CPU.Build.0 = Release|Any CPU
		{C0B601A0-AE4B-40A9-B604-FD20523AB85B}.Release|ARM.ActiveCfg = Release|Any CPU
		{C0B601A0-AE4B-40A9-B604-FD20523AB85B}.Release|ARM.Build.0 = Release|Any CPU
		{C0B601A0-AE4B-40A9-B604-FD20523AB85B}.Release|ARM64.ActiveCfg = Release|Any CPU
		{C0B601A0-AE4B-40A9-B604-FD20523AB85B}.Release|ARM64.Build.0 = Release|Any CPU
		{C0B601A0-AE4B-40A9-B604-FD20523AB85B}.Release|x64.ActiveCfg = Release|Any CPU
		{C0B601A0-AE4B-40A9-B604-FD20523AB85B}.Release|x64.Build.0 = Release|Any CPU
		{C0B601A0-AE4B-40A9-B604-FD20523AB85B}.Release|x86.ActiveCfg = Release|Any CPU
		{C0B601A0-AE4B-40A9-B604-FD20523AB85B}.Release|x86.Build.0 = Release|Any CPU
		{725F98DC-3ADD-410B-B0A4-AEFD7ADD4181}.Debug|Any CPU.ActiveCfg = Debug|Any CPU
		{725F98DC-3ADD-410B-B0A4-AEFD7ADD4181}.Debug|Any CPU.Build.0 = Debug|Any CPU
		{725F98DC-3ADD-410B-B0A4-AEFD7ADD4181}.Debug|ARM.ActiveCfg = Debug|Any CPU
		{725F98DC-3ADD-410B-B0A4-AEFD7ADD4181}.Debug|ARM.Build.0 = Debug|Any CPU
		{725F98DC-3ADD-410B-B0A4-AEFD7ADD4181}.Debug|ARM64.ActiveCfg = Debug|Any CPU
		{725F98DC-3ADD-410B-B0A4-AEFD7ADD4181}.Debug|ARM64.Build.0 = Debug|Any CPU
		{725F98DC-3ADD-410B-B0A4-AEFD7ADD4181}.Debug|x64.ActiveCfg = Debug|Any CPU
		{725F98DC-3ADD-410B-B0A4-AEFD7ADD4181}.Debug|x64.Build.0 = Debug|Any CPU
		{725F98DC-3ADD-410B-B0A4-AEFD7ADD4181}.Debug|x86.ActiveCfg = Debug|Any CPU
		{725F98DC-3ADD-410B-B0A4-AEFD7ADD4181}.Debug|x86.Build.0 = Debug|Any CPU
		{725F98DC-3ADD-410B-B0A4-AEFD7ADD4181}.Release|Any CPU.ActiveCfg = Release|Any CPU
		{725F98DC-3ADD-410B-B0A4-AEFD7ADD4181}.Release|Any CPU.Build.0 = Release|Any CPU
		{725F98DC-3ADD-410B-B0A4-AEFD7ADD4181}.Release|ARM.ActiveCfg = Release|Any CPU
		{725F98DC-3ADD-410B-B0A4-AEFD7ADD4181}.Release|ARM.Build.0 = Release|Any CPU
		{725F98DC-3ADD-410B-B0A4-AEFD7ADD4181}.Release|ARM64.ActiveCfg = Release|Any CPU
		{725F98DC-3ADD-410B-B0A4-AEFD7ADD4181}.Release|ARM64.Build.0 = Release|Any CPU
		{725F98DC-3ADD-410B-B0A4-AEFD7ADD4181}.Release|x64.ActiveCfg = Release|Any CPU
		{725F98DC-3ADD-410B-B0A4-AEFD7ADD4181}.Release|x64.Build.0 = Release|Any CPU
		{725F98DC-3ADD-410B-B0A4-AEFD7ADD4181}.Release|x86.ActiveCfg = Release|Any CPU
		{725F98DC-3ADD-410B-B0A4-AEFD7ADD4181}.Release|x86.Build.0 = Release|Any CPU
		{D563EB04-03B9-454E-90DC-23032BA47C62}.Debug|Any CPU.ActiveCfg = Debug|Any CPU
		{D563EB04-03B9-454E-90DC-23032BA47C62}.Debug|Any CPU.Build.0 = Debug|Any CPU
		{D563EB04-03B9-454E-90DC-23032BA47C62}.Debug|ARM.ActiveCfg = Debug|Any CPU
		{D563EB04-03B9-454E-90DC-23032BA47C62}.Debug|ARM.Build.0 = Debug|Any CPU
		{D563EB04-03B9-454E-90DC-23032BA47C62}.Debug|ARM64.ActiveCfg = Debug|Any CPU
		{D563EB04-03B9-454E-90DC-23032BA47C62}.Debug|ARM64.Build.0 = Debug|Any CPU
		{D563EB04-03B9-454E-90DC-23032BA47C62}.Debug|x64.ActiveCfg = Debug|Any CPU
		{D563EB04-03B9-454E-90DC-23032BA47C62}.Debug|x64.Build.0 = Debug|Any CPU
		{D563EB04-03B9-454E-90DC-23032BA47C62}.Debug|x86.ActiveCfg = Debug|Any CPU
		{D563EB04-03B9-454E-90DC-23032BA47C62}.Debug|x86.Build.0 = Debug|Any CPU
		{D563EB04-03B9-454E-90DC-23032BA47C62}.Release|Any CPU.ActiveCfg = Release|Any CPU
		{D563EB04-03B9-454E-90DC-23032BA47C62}.Release|Any CPU.Build.0 = Release|Any CPU
		{D563EB04-03B9-454E-90DC-23032BA47C62}.Release|ARM.ActiveCfg = Release|Any CPU
		{D563EB04-03B9-454E-90DC-23032BA47C62}.Release|ARM.Build.0 = Release|Any CPU
		{D563EB04-03B9-454E-90DC-23032BA47C62}.Release|ARM64.ActiveCfg = Release|Any CPU
		{D563EB04-03B9-454E-90DC-23032BA47C62}.Release|ARM64.Build.0 = Release|Any CPU
		{D563EB04-03B9-454E-90DC-23032BA47C62}.Release|x64.ActiveCfg = Release|Any CPU
		{D563EB04-03B9-454E-90DC-23032BA47C62}.Release|x64.Build.0 = Release|Any CPU
		{D563EB04-03B9-454E-90DC-23032BA47C62}.Release|x86.ActiveCfg = Release|Any CPU
		{D563EB04-03B9-454E-90DC-23032BA47C62}.Release|x86.Build.0 = Release|Any CPU
		{677D3151-B16F-4BA0-B207-AE0ADB804B29}.Debug|Any CPU.ActiveCfg = Debug|Any CPU
		{677D3151-B16F-4BA0-B207-AE0ADB804B29}.Debug|Any CPU.Build.0 = Debug|Any CPU
		{677D3151-B16F-4BA0-B207-AE0ADB804B29}.Debug|ARM.ActiveCfg = Debug|Any CPU
		{677D3151-B16F-4BA0-B207-AE0ADB804B29}.Debug|ARM.Build.0 = Debug|Any CPU
		{677D3151-B16F-4BA0-B207-AE0ADB804B29}.Debug|ARM64.ActiveCfg = Debug|Any CPU
		{677D3151-B16F-4BA0-B207-AE0ADB804B29}.Debug|ARM64.Build.0 = Debug|Any CPU
		{677D3151-B16F-4BA0-B207-AE0ADB804B29}.Debug|x64.ActiveCfg = Debug|Any CPU
		{677D3151-B16F-4BA0-B207-AE0ADB804B29}.Debug|x64.Build.0 = Debug|Any CPU
		{677D3151-B16F-4BA0-B207-AE0ADB804B29}.Debug|x86.ActiveCfg = Debug|Any CPU
		{677D3151-B16F-4BA0-B207-AE0ADB804B29}.Debug|x86.Build.0 = Debug|Any CPU
		{677D3151-B16F-4BA0-B207-AE0ADB804B29}.Release|Any CPU.ActiveCfg = Release|Any CPU
		{677D3151-B16F-4BA0-B207-AE0ADB804B29}.Release|Any CPU.Build.0 = Release|Any CPU
		{677D3151-B16F-4BA0-B207-AE0ADB804B29}.Release|ARM.ActiveCfg = Release|Any CPU
		{677D3151-B16F-4BA0-B207-AE0ADB804B29}.Release|ARM.Build.0 = Release|Any CPU
		{677D3151-B16F-4BA0-B207-AE0ADB804B29}.Release|ARM64.ActiveCfg = Release|Any CPU
		{677D3151-B16F-4BA0-B207-AE0ADB804B29}.Release|ARM64.Build.0 = Release|Any CPU
		{677D3151-B16F-4BA0-B207-AE0ADB804B29}.Release|x64.ActiveCfg = Release|Any CPU
		{677D3151-B16F-4BA0-B207-AE0ADB804B29}.Release|x64.Build.0 = Release|Any CPU
		{677D3151-B16F-4BA0-B207-AE0ADB804B29}.Release|x86.ActiveCfg = Release|Any CPU
		{677D3151-B16F-4BA0-B207-AE0ADB804B29}.Release|x86.Build.0 = Release|Any CPU
		{D91355B6-7BBC-4DD2-97ED-11E5B925E1C8}.Debug|Any CPU.ActiveCfg = Debug|Any CPU
		{D91355B6-7BBC-4DD2-97ED-11E5B925E1C8}.Debug|Any CPU.Build.0 = Debug|Any CPU
		{D91355B6-7BBC-4DD2-97ED-11E5B925E1C8}.Debug|ARM.ActiveCfg = Debug|Any CPU
		{D91355B6-7BBC-4DD2-97ED-11E5B925E1C8}.Debug|ARM.Build.0 = Debug|Any CPU
		{D91355B6-7BBC-4DD2-97ED-11E5B925E1C8}.Debug|ARM64.ActiveCfg = Debug|Any CPU
		{D91355B6-7BBC-4DD2-97ED-11E5B925E1C8}.Debug|ARM64.Build.0 = Debug|Any CPU
		{D91355B6-7BBC-4DD2-97ED-11E5B925E1C8}.Debug|x64.ActiveCfg = Debug|Any CPU
		{D91355B6-7BBC-4DD2-97ED-11E5B925E1C8}.Debug|x64.Build.0 = Debug|Any CPU
		{D91355B6-7BBC-4DD2-97ED-11E5B925E1C8}.Debug|x86.ActiveCfg = Debug|Any CPU
		{D91355B6-7BBC-4DD2-97ED-11E5B925E1C8}.Debug|x86.Build.0 = Debug|Any CPU
		{D91355B6-7BBC-4DD2-97ED-11E5B925E1C8}.Release|Any CPU.ActiveCfg = Release|Any CPU
		{D91355B6-7BBC-4DD2-97ED-11E5B925E1C8}.Release|Any CPU.Build.0 = Release|Any CPU
		{D91355B6-7BBC-4DD2-97ED-11E5B925E1C8}.Release|ARM.ActiveCfg = Release|Any CPU
		{D91355B6-7BBC-4DD2-97ED-11E5B925E1C8}.Release|ARM.Build.0 = Release|Any CPU
		{D91355B6-7BBC-4DD2-97ED-11E5B925E1C8}.Release|ARM64.ActiveCfg = Release|Any CPU
		{D91355B6-7BBC-4DD2-97ED-11E5B925E1C8}.Release|ARM64.Build.0 = Release|Any CPU
		{D91355B6-7BBC-4DD2-97ED-11E5B925E1C8}.Release|x64.ActiveCfg = Release|Any CPU
		{D91355B6-7BBC-4DD2-97ED-11E5B925E1C8}.Release|x64.Build.0 = Release|Any CPU
		{D91355B6-7BBC-4DD2-97ED-11E5B925E1C8}.Release|x86.ActiveCfg = Release|Any CPU
		{D91355B6-7BBC-4DD2-97ED-11E5B925E1C8}.Release|x86.Build.0 = Release|Any CPU
		{A411D4AB-178F-4D65-A487-6DB81C47D7D7}.Debug|Any CPU.ActiveCfg = Debug|Any CPU
		{A411D4AB-178F-4D65-A487-6DB81C47D7D7}.Debug|Any CPU.Build.0 = Debug|Any CPU
		{A411D4AB-178F-4D65-A487-6DB81C47D7D7}.Debug|ARM.ActiveCfg = Debug|Any CPU
		{A411D4AB-178F-4D65-A487-6DB81C47D7D7}.Debug|ARM.Build.0 = Debug|Any CPU
		{A411D4AB-178F-4D65-A487-6DB81C47D7D7}.Debug|ARM64.ActiveCfg = Debug|Any CPU
		{A411D4AB-178F-4D65-A487-6DB81C47D7D7}.Debug|ARM64.Build.0 = Debug|Any CPU
		{A411D4AB-178F-4D65-A487-6DB81C47D7D7}.Debug|x64.ActiveCfg = Debug|Any CPU
		{A411D4AB-178F-4D65-A487-6DB81C47D7D7}.Debug|x64.Build.0 = Debug|Any CPU
		{A411D4AB-178F-4D65-A487-6DB81C47D7D7}.Debug|x86.ActiveCfg = Debug|Any CPU
		{A411D4AB-178F-4D65-A487-6DB81C47D7D7}.Debug|x86.Build.0 = Debug|Any CPU
		{A411D4AB-178F-4D65-A487-6DB81C47D7D7}.Release|Any CPU.ActiveCfg = Release|Any CPU
		{A411D4AB-178F-4D65-A487-6DB81C47D7D7}.Release|Any CPU.Build.0 = Release|Any CPU
		{A411D4AB-178F-4D65-A487-6DB81C47D7D7}.Release|ARM.ActiveCfg = Release|Any CPU
		{A411D4AB-178F-4D65-A487-6DB81C47D7D7}.Release|ARM.Build.0 = Release|Any CPU
		{A411D4AB-178F-4D65-A487-6DB81C47D7D7}.Release|ARM64.ActiveCfg = Release|Any CPU
		{A411D4AB-178F-4D65-A487-6DB81C47D7D7}.Release|ARM64.Build.0 = Release|Any CPU
		{A411D4AB-178F-4D65-A487-6DB81C47D7D7}.Release|x64.ActiveCfg = Release|Any CPU
		{A411D4AB-178F-4D65-A487-6DB81C47D7D7}.Release|x64.Build.0 = Release|Any CPU
		{A411D4AB-178F-4D65-A487-6DB81C47D7D7}.Release|x86.ActiveCfg = Release|Any CPU
		{A411D4AB-178F-4D65-A487-6DB81C47D7D7}.Release|x86.Build.0 = Release|Any CPU
		{22A4E1A1-4143-42A8-878C-99951FC99C16}.Debug|Any CPU.ActiveCfg = Debug|Any CPU
		{22A4E1A1-4143-42A8-878C-99951FC99C16}.Debug|Any CPU.Build.0 = Debug|Any CPU
		{22A4E1A1-4143-42A8-878C-99951FC99C16}.Debug|ARM.ActiveCfg = Debug|Any CPU
		{22A4E1A1-4143-42A8-878C-99951FC99C16}.Debug|ARM.Build.0 = Debug|Any CPU
		{22A4E1A1-4143-42A8-878C-99951FC99C16}.Debug|ARM64.ActiveCfg = Debug|Any CPU
		{22A4E1A1-4143-42A8-878C-99951FC99C16}.Debug|ARM64.Build.0 = Debug|Any CPU
		{22A4E1A1-4143-42A8-878C-99951FC99C16}.Debug|x64.ActiveCfg = Debug|Any CPU
		{22A4E1A1-4143-42A8-878C-99951FC99C16}.Debug|x64.Build.0 = Debug|Any CPU
		{22A4E1A1-4143-42A8-878C-99951FC99C16}.Debug|x86.ActiveCfg = Debug|Any CPU
		{22A4E1A1-4143-42A8-878C-99951FC99C16}.Debug|x86.Build.0 = Debug|Any CPU
		{22A4E1A1-4143-42A8-878C-99951FC99C16}.Release|Any CPU.ActiveCfg = Release|Any CPU
		{22A4E1A1-4143-42A8-878C-99951FC99C16}.Release|Any CPU.Build.0 = Release|Any CPU
		{22A4E1A1-4143-42A8-878C-99951FC99C16}.Release|ARM.ActiveCfg = Release|Any CPU
		{22A4E1A1-4143-42A8-878C-99951FC99C16}.Release|ARM.Build.0 = Release|Any CPU
		{22A4E1A1-4143-42A8-878C-99951FC99C16}.Release|ARM64.ActiveCfg = Release|Any CPU
		{22A4E1A1-4143-42A8-878C-99951FC99C16}.Release|ARM64.Build.0 = Release|Any CPU
		{22A4E1A1-4143-42A8-878C-99951FC99C16}.Release|x64.ActiveCfg = Release|Any CPU
		{22A4E1A1-4143-42A8-878C-99951FC99C16}.Release|x64.Build.0 = Release|Any CPU
		{22A4E1A1-4143-42A8-878C-99951FC99C16}.Release|x86.ActiveCfg = Release|Any CPU
		{22A4E1A1-4143-42A8-878C-99951FC99C16}.Release|x86.Build.0 = Release|Any CPU
		{4D569F28-41CB-4E19-8B87-CC13CC2C04EC}.Debug|Any CPU.ActiveCfg = Debug|Any CPU
		{4D569F28-41CB-4E19-8B87-CC13CC2C04EC}.Debug|Any CPU.Build.0 = Debug|Any CPU
		{4D569F28-41CB-4E19-8B87-CC13CC2C04EC}.Debug|ARM.ActiveCfg = Debug|Any CPU
		{4D569F28-41CB-4E19-8B87-CC13CC2C04EC}.Debug|ARM.Build.0 = Debug|Any CPU
		{4D569F28-41CB-4E19-8B87-CC13CC2C04EC}.Debug|ARM64.ActiveCfg = Debug|Any CPU
		{4D569F28-41CB-4E19-8B87-CC13CC2C04EC}.Debug|ARM64.Build.0 = Debug|Any CPU
		{4D569F28-41CB-4E19-8B87-CC13CC2C04EC}.Debug|x64.ActiveCfg = Debug|Any CPU
		{4D569F28-41CB-4E19-8B87-CC13CC2C04EC}.Debug|x64.Build.0 = Debug|Any CPU
		{4D569F28-41CB-4E19-8B87-CC13CC2C04EC}.Debug|x86.ActiveCfg = Debug|Any CPU
		{4D569F28-41CB-4E19-8B87-CC13CC2C04EC}.Debug|x86.Build.0 = Debug|Any CPU
		{4D569F28-41CB-4E19-8B87-CC13CC2C04EC}.Release|Any CPU.ActiveCfg = Release|Any CPU
		{4D569F28-41CB-4E19-8B87-CC13CC2C04EC}.Release|Any CPU.Build.0 = Release|Any CPU
		{4D569F28-41CB-4E19-8B87-CC13CC2C04EC}.Release|ARM.ActiveCfg = Release|Any CPU
		{4D569F28-41CB-4E19-8B87-CC13CC2C04EC}.Release|ARM.Build.0 = Release|Any CPU
		{4D569F28-41CB-4E19-8B87-CC13CC2C04EC}.Release|ARM64.ActiveCfg = Release|Any CPU
		{4D569F28-41CB-4E19-8B87-CC13CC2C04EC}.Release|ARM64.Build.0 = Release|Any CPU
		{4D569F28-41CB-4E19-8B87-CC13CC2C04EC}.Release|x64.ActiveCfg = Release|Any CPU
		{4D569F28-41CB-4E19-8B87-CC13CC2C04EC}.Release|x64.Build.0 = Release|Any CPU
		{4D569F28-41CB-4E19-8B87-CC13CC2C04EC}.Release|x86.ActiveCfg = Release|Any CPU
		{4D569F28-41CB-4E19-8B87-CC13CC2C04EC}.Release|x86.Build.0 = Release|Any CPU
		{0B88D6FF-5EB7-4559-BE92-5F517AD34937}.Debug|Any CPU.ActiveCfg = Debug|Any CPU
		{0B88D6FF-5EB7-4559-BE92-5F517AD34937}.Debug|Any CPU.Build.0 = Debug|Any CPU
		{0B88D6FF-5EB7-4559-BE92-5F517AD34937}.Debug|ARM.ActiveCfg = Debug|Any CPU
		{0B88D6FF-5EB7-4559-BE92-5F517AD34937}.Debug|ARM.Build.0 = Debug|Any CPU
		{0B88D6FF-5EB7-4559-BE92-5F517AD34937}.Debug|ARM64.ActiveCfg = Debug|Any CPU
		{0B88D6FF-5EB7-4559-BE92-5F517AD34937}.Debug|ARM64.Build.0 = Debug|Any CPU
		{0B88D6FF-5EB7-4559-BE92-5F517AD34937}.Debug|x64.ActiveCfg = Debug|Any CPU
		{0B88D6FF-5EB7-4559-BE92-5F517AD34937}.Debug|x64.Build.0 = Debug|Any CPU
		{0B88D6FF-5EB7-4559-BE92-5F517AD34937}.Debug|x86.ActiveCfg = Debug|Any CPU
		{0B88D6FF-5EB7-4559-BE92-5F517AD34937}.Debug|x86.Build.0 = Debug|Any CPU
		{0B88D6FF-5EB7-4559-BE92-5F517AD34937}.Release|Any CPU.ActiveCfg = Release|Any CPU
		{0B88D6FF-5EB7-4559-BE92-5F517AD34937}.Release|Any CPU.Build.0 = Release|Any CPU
		{0B88D6FF-5EB7-4559-BE92-5F517AD34937}.Release|ARM.ActiveCfg = Release|Any CPU
		{0B88D6FF-5EB7-4559-BE92-5F517AD34937}.Release|ARM.Build.0 = Release|Any CPU
		{0B88D6FF-5EB7-4559-BE92-5F517AD34937}.Release|ARM64.ActiveCfg = Release|Any CPU
		{0B88D6FF-5EB7-4559-BE92-5F517AD34937}.Release|ARM64.Build.0 = Release|Any CPU
		{0B88D6FF-5EB7-4559-BE92-5F517AD34937}.Release|x64.ActiveCfg = Release|Any CPU
		{0B88D6FF-5EB7-4559-BE92-5F517AD34937}.Release|x64.Build.0 = Release|Any CPU
		{0B88D6FF-5EB7-4559-BE92-5F517AD34937}.Release|x86.ActiveCfg = Release|Any CPU
		{0B88D6FF-5EB7-4559-BE92-5F517AD34937}.Release|x86.Build.0 = Release|Any CPU
		{0461753D-1256-4822-B785-0A80DB69606D}.Debug|Any CPU.ActiveCfg = Debug|Any CPU
		{0461753D-1256-4822-B785-0A80DB69606D}.Debug|Any CPU.Build.0 = Debug|Any CPU
		{0461753D-1256-4822-B785-0A80DB69606D}.Debug|ARM.ActiveCfg = Debug|Any CPU
		{0461753D-1256-4822-B785-0A80DB69606D}.Debug|ARM.Build.0 = Debug|Any CPU
		{0461753D-1256-4822-B785-0A80DB69606D}.Debug|ARM64.ActiveCfg = Debug|Any CPU
		{0461753D-1256-4822-B785-0A80DB69606D}.Debug|ARM64.Build.0 = Debug|Any CPU
		{0461753D-1256-4822-B785-0A80DB69606D}.Debug|x64.ActiveCfg = Debug|Any CPU
		{0461753D-1256-4822-B785-0A80DB69606D}.Debug|x64.Build.0 = Debug|Any CPU
		{0461753D-1256-4822-B785-0A80DB69606D}.Debug|x86.ActiveCfg = Debug|Any CPU
		{0461753D-1256-4822-B785-0A80DB69606D}.Debug|x86.Build.0 = Debug|Any CPU
		{0461753D-1256-4822-B785-0A80DB69606D}.Release|Any CPU.ActiveCfg = Release|Any CPU
		{0461753D-1256-4822-B785-0A80DB69606D}.Release|Any CPU.Build.0 = Release|Any CPU
		{0461753D-1256-4822-B785-0A80DB69606D}.Release|ARM.ActiveCfg = Release|Any CPU
		{0461753D-1256-4822-B785-0A80DB69606D}.Release|ARM.Build.0 = Release|Any CPU
		{0461753D-1256-4822-B785-0A80DB69606D}.Release|ARM64.ActiveCfg = Release|Any CPU
		{0461753D-1256-4822-B785-0A80DB69606D}.Release|ARM64.Build.0 = Release|Any CPU
		{0461753D-1256-4822-B785-0A80DB69606D}.Release|x64.ActiveCfg = Release|Any CPU
		{0461753D-1256-4822-B785-0A80DB69606D}.Release|x64.Build.0 = Release|Any CPU
		{0461753D-1256-4822-B785-0A80DB69606D}.Release|x86.ActiveCfg = Release|Any CPU
		{0461753D-1256-4822-B785-0A80DB69606D}.Release|x86.Build.0 = Release|Any CPU
		{021F38E9-145E-4763-AB99-9EA39F1A1DAA}.Debug|Any CPU.ActiveCfg = Debug|Any CPU
		{021F38E9-145E-4763-AB99-9EA39F1A1DAA}.Debug|Any CPU.Build.0 = Debug|Any CPU
		{021F38E9-145E-4763-AB99-9EA39F1A1DAA}.Debug|ARM.ActiveCfg = Debug|Any CPU
		{021F38E9-145E-4763-AB99-9EA39F1A1DAA}.Debug|ARM.Build.0 = Debug|Any CPU
		{021F38E9-145E-4763-AB99-9EA39F1A1DAA}.Debug|ARM64.ActiveCfg = Debug|Any CPU
		{021F38E9-145E-4763-AB99-9EA39F1A1DAA}.Debug|ARM64.Build.0 = Debug|Any CPU
		{021F38E9-145E-4763-AB99-9EA39F1A1DAA}.Debug|x64.ActiveCfg = Debug|Any CPU
		{021F38E9-145E-4763-AB99-9EA39F1A1DAA}.Debug|x64.Build.0 = Debug|Any CPU
		{021F38E9-145E-4763-AB99-9EA39F1A1DAA}.Debug|x86.ActiveCfg = Debug|Any CPU
		{021F38E9-145E-4763-AB99-9EA39F1A1DAA}.Debug|x86.Build.0 = Debug|Any CPU
		{021F38E9-145E-4763-AB99-9EA39F1A1DAA}.Release|Any CPU.ActiveCfg = Release|Any CPU
		{021F38E9-145E-4763-AB99-9EA39F1A1DAA}.Release|Any CPU.Build.0 = Release|Any CPU
		{021F38E9-145E-4763-AB99-9EA39F1A1DAA}.Release|ARM.ActiveCfg = Release|Any CPU
		{021F38E9-145E-4763-AB99-9EA39F1A1DAA}.Release|ARM.Build.0 = Release|Any CPU
		{021F38E9-145E-4763-AB99-9EA39F1A1DAA}.Release|ARM64.ActiveCfg = Release|Any CPU
		{021F38E9-145E-4763-AB99-9EA39F1A1DAA}.Release|ARM64.Build.0 = Release|Any CPU
		{021F38E9-145E-4763-AB99-9EA39F1A1DAA}.Release|x64.ActiveCfg = Release|Any CPU
		{021F38E9-145E-4763-AB99-9EA39F1A1DAA}.Release|x64.Build.0 = Release|Any CPU
		{021F38E9-145E-4763-AB99-9EA39F1A1DAA}.Release|x86.ActiveCfg = Release|Any CPU
		{021F38E9-145E-4763-AB99-9EA39F1A1DAA}.Release|x86.Build.0 = Release|Any CPU
		{5878CFF6-F0D4-4142-BEFE-9C6B904E29A1}.Debug|Any CPU.ActiveCfg = Debug|Any CPU
		{5878CFF6-F0D4-4142-BEFE-9C6B904E29A1}.Debug|Any CPU.Build.0 = Debug|Any CPU
		{5878CFF6-F0D4-4142-BEFE-9C6B904E29A1}.Debug|ARM.ActiveCfg = Debug|Any CPU
		{5878CFF6-F0D4-4142-BEFE-9C6B904E29A1}.Debug|ARM.Build.0 = Debug|Any CPU
		{5878CFF6-F0D4-4142-BEFE-9C6B904E29A1}.Debug|ARM64.ActiveCfg = Debug|Any CPU
		{5878CFF6-F0D4-4142-BEFE-9C6B904E29A1}.Debug|ARM64.Build.0 = Debug|Any CPU
		{5878CFF6-F0D4-4142-BEFE-9C6B904E29A1}.Debug|x64.ActiveCfg = Debug|Any CPU
		{5878CFF6-F0D4-4142-BEFE-9C6B904E29A1}.Debug|x64.Build.0 = Debug|Any CPU
		{5878CFF6-F0D4-4142-BEFE-9C6B904E29A1}.Debug|x86.ActiveCfg = Debug|Any CPU
		{5878CFF6-F0D4-4142-BEFE-9C6B904E29A1}.Debug|x86.Build.0 = Debug|Any CPU
		{5878CFF6-F0D4-4142-BEFE-9C6B904E29A1}.Release|Any CPU.ActiveCfg = Release|Any CPU
		{5878CFF6-F0D4-4142-BEFE-9C6B904E29A1}.Release|Any CPU.Build.0 = Release|Any CPU
		{5878CFF6-F0D4-4142-BEFE-9C6B904E29A1}.Release|ARM.ActiveCfg = Release|Any CPU
		{5878CFF6-F0D4-4142-BEFE-9C6B904E29A1}.Release|ARM.Build.0 = Release|Any CPU
		{5878CFF6-F0D4-4142-BEFE-9C6B904E29A1}.Release|ARM64.ActiveCfg = Release|Any CPU
		{5878CFF6-F0D4-4142-BEFE-9C6B904E29A1}.Release|ARM64.Build.0 = Release|Any CPU
		{5878CFF6-F0D4-4142-BEFE-9C6B904E29A1}.Release|x64.ActiveCfg = Release|Any CPU
		{5878CFF6-F0D4-4142-BEFE-9C6B904E29A1}.Release|x64.Build.0 = Release|Any CPU
		{5878CFF6-F0D4-4142-BEFE-9C6B904E29A1}.Release|x86.ActiveCfg = Release|Any CPU
		{5878CFF6-F0D4-4142-BEFE-9C6B904E29A1}.Release|x86.Build.0 = Release|Any CPU
	EndGlobalSection
	GlobalSection(SolutionProperties) = preSolution
		HideSolutionNode = FALSE
	EndGlobalSection
	GlobalSection(NestedProjects) = preSolution
		{A411D4AB-178F-4D65-A487-6DB81C47D7D7} = {5CEDDF01-6817-420A-A3DA-4E3F982ACACB}
		{22A4E1A1-4143-42A8-878C-99951FC99C16} = {5CEDDF01-6817-420A-A3DA-4E3F982ACACB}
		{4D569F28-41CB-4E19-8B87-CC13CC2C04EC} = {5CEDDF01-6817-420A-A3DA-4E3F982ACACB}
		{0B88D6FF-5EB7-4559-BE92-5F517AD34937} = {5CEDDF01-6817-420A-A3DA-4E3F982ACACB}
		{0461753D-1256-4822-B785-0A80DB69606D} = {5CEDDF01-6817-420A-A3DA-4E3F982ACACB}
	EndGlobalSection
	GlobalSection(ExtensibilityGlobals) = postSolution
		SolutionGuid = {13FCF42D-BC59-4453-949E-EC8A0BCA161D}
	EndGlobalSection
EndGlobal
