
Microsoft Visual Studio Solution File, Format Version 12.00
# Visual Studio Version 16
VisualStudioVersion = 16.0.31410.357
MinimumVisualStudioVersion = 10.0.40219.1
Project("{9A19103F-16F7-4668-BE54-9A1E7A4F7556}") = "Acesso.Integracoes", "Acesso.Dispositivos\Acesso.Integracoes.csproj", "{608FCDE2-51BE-41CA-AB43-F6D8744F58DB}"
EndProject
Project("{9A19103F-16F7-4668-BE54-9A1E7A4F7556}") = "Acesso.Utilitarios", "Acesso.Utilitarios\Acesso.Utilitarios.csproj", "{3D1C911F-5229-41A8-9126-61C8F549D6B9}"
EndProject
Project("{9A19103F-16F7-4668-BE54-9A1E7A4F7556}") = "Acesso.Regras", "Acesso.Regras\Acesso.Regras.csproj", "{E2464786-DCA5-494C-B0A1-F328BA0BDFA3}"
EndProject
Project("{2150E333-8FDC-42A3-9474-1A3956D46DE8}") = "View", "View", "{BDB5820C-A0BD-496B-B23E-80BB38FF712C}"
EndProject
Project("{9A19103F-16F7-4668-BE54-9A1E7A4F7556}") = "Acesso.Repositorio", "Acesso.Repositorio\Acesso.Repositorio.csproj", "{5B34FFB4-55D2-497D-9A19-D6EFE9A0FE32}"
EndProject
Project("{9A19103F-16F7-4668-BE54-9A1E7A4F7556}") = "Servico.HostDebugger", "HostDebugger\Servico.HostDebugger.csproj", "{209D16C6-FA38-4F58-80C7-BF530F237833}"
EndProject
Project("{9A19103F-16F7-4668-BE54-9A1E7A4F7556}") = "Acesso.Interfaces", "Acesso.Interfaces\Acesso.Interfaces.csproj", "{0059ACF7-D5C7-4472-AC2F-FDF4793E7CB8}"
EndProject
Project("{FAE04EC0-301F-11D3-BF4B-00C04F79EFBC}") = "Acesso.Api", "Acesso.Api\Acesso.Api.csproj", "{F36BE332-4BF6-4098-AC32-CA2EC99F6118}"
EndProject
Project("{FAE04EC0-301F-11D3-BF4B-00C04F79EFBC}") = "Acesso.Dominio", "Acesso.Dominio\Acesso.Dominio.csproj", "{069FB529-F5CA-4377-A514-C24F87D5EF4B}"
EndProject
Project("{FAE04EC0-301F-11D3-BF4B-00C04F79EFBC}") = "Acesso.Servicos", "Acesso.Servicos\Acesso.Servicos.csproj", "{A2691109-0CF7-4282-B3F0-B4FA32DE933C}"
EndProject
Global
	GlobalSection(SolutionConfigurationPlatforms) = preSolution
		Debug|Any CPU = Debug|Any CPU
		Release|Any CPU = Release|Any CPU
	EndGlobalSection
	GlobalSection(ProjectConfigurationPlatforms) = postSolution
		{608FCDE2-51BE-41CA-AB43-F6D8744F58DB}.Debug|Any CPU.ActiveCfg = Debug|Any CPU
		{608FCDE2-51BE-41CA-AB43-F6D8744F58DB}.Debug|Any CPU.Build.0 = Debug|Any CPU
		{608FCDE2-51BE-41CA-AB43-F6D8744F58DB}.Release|Any CPU.ActiveCfg = Release|Any CPU
		{608FCDE2-51BE-41CA-AB43-F6D8744F58DB}.Release|Any CPU.Build.0 = Release|Any CPU
		{3D1C911F-5229-41A8-9126-61C8F549D6B9}.Debug|Any CPU.ActiveCfg = Debug|Any CPU
		{3D1C911F-5229-41A8-9126-61C8F549D6B9}.Debug|Any CPU.Build.0 = Debug|Any CPU
		{3D1C911F-5229-41A8-9126-61C8F549D6B9}.Release|Any CPU.ActiveCfg = Release|Any CPU
		{3D1C911F-5229-41A8-9126-61C8F549D6B9}.Release|Any CPU.Build.0 = Release|Any CPU
		{E2464786-DCA5-494C-B0A1-F328BA0BDFA3}.Debug|Any CPU.ActiveCfg = Debug|Any CPU
		{E2464786-DCA5-494C-B0A1-F328BA0BDFA3}.Debug|Any CPU.Build.0 = Debug|Any CPU
		{E2464786-DCA5-494C-B0A1-F328BA0BDFA3}.Release|Any CPU.ActiveCfg = Release|Any CPU
		{E2464786-DCA5-494C-B0A1-F328BA0BDFA3}.Release|Any CPU.Build.0 = Release|Any CPU
		{5B34FFB4-55D2-497D-9A19-D6EFE9A0FE32}.Debug|Any CPU.ActiveCfg = Debug|Any CPU
		{5B34FFB4-55D2-497D-9A19-D6EFE9A0FE32}.Debug|Any CPU.Build.0 = Debug|Any CPU
		{5B34FFB4-55D2-497D-9A19-D6EFE9A0FE32}.Release|Any CPU.ActiveCfg = Release|Any CPU
		{5B34FFB4-55D2-497D-9A19-D6EFE9A0FE32}.Release|Any CPU.Build.0 = Release|Any CPU
		{209D16C6-FA38-4F58-80C7-BF530F237833}.Debug|Any CPU.ActiveCfg = Debug|Any CPU
		{209D16C6-FA38-4F58-80C7-BF530F237833}.Debug|Any CPU.Build.0 = Debug|Any CPU
		{209D16C6-FA38-4F58-80C7-BF530F237833}.Release|Any CPU.ActiveCfg = Release|Any CPU
		{209D16C6-FA38-4F58-80C7-BF530F237833}.Release|Any CPU.Build.0 = Release|Any CPU
		{0059ACF7-D5C7-4472-AC2F-FDF4793E7CB8}.Debug|Any CPU.ActiveCfg = Debug|Any CPU
		{0059ACF7-D5C7-4472-AC2F-FDF4793E7CB8}.Debug|Any CPU.Build.0 = Debug|Any CPU
		{0059ACF7-D5C7-4472-AC2F-FDF4793E7CB8}.Release|Any CPU.ActiveCfg = Release|Any CPU
		{0059ACF7-D5C7-4472-AC2F-FDF4793E7CB8}.Release|Any CPU.Build.0 = Release|Any CPU
		{F36BE332-4BF6-4098-AC32-CA2EC99F6118}.Debug|Any CPU.ActiveCfg = Debug|Any CPU
		{F36BE332-4BF6-4098-AC32-CA2EC99F6118}.Debug|Any CPU.Build.0 = Debug|Any CPU
		{F36BE332-4BF6-4098-AC32-CA2EC99F6118}.Release|Any CPU.ActiveCfg = Release|Any CPU
		{F36BE332-4BF6-4098-AC32-CA2EC99F6118}.Release|Any CPU.Build.0 = Release|Any CPU
		{069FB529-F5CA-4377-A514-C24F87D5EF4B}.Debug|Any CPU.ActiveCfg = Debug|Any CPU
		{069FB529-F5CA-4377-A514-C24F87D5EF4B}.Debug|Any CPU.Build.0 = Debug|Any CPU
		{069FB529-F5CA-4377-A514-C24F87D5EF4B}.Release|Any CPU.ActiveCfg = Release|Any CPU
		{069FB529-F5CA-4377-A514-C24F87D5EF4B}.Release|Any CPU.Build.0 = Release|Any CPU
		{A2691109-0CF7-4282-B3F0-B4FA32DE933C}.Debug|Any CPU.ActiveCfg = Debug|Any CPU
		{A2691109-0CF7-4282-B3F0-B4FA32DE933C}.Debug|Any CPU.Build.0 = Debug|Any CPU
		{A2691109-0CF7-4282-B3F0-B4FA32DE933C}.Release|Any CPU.ActiveCfg = Release|Any CPU
		{A2691109-0CF7-4282-B3F0-B4FA32DE933C}.Release|Any CPU.Build.0 = Release|Any CPU
	EndGlobalSection
	GlobalSection(SolutionProperties) = preSolution
		HideSolutionNode = FALSE
	EndGlobalSection
	GlobalSection(NestedProjects) = preSolution
		{209D16C6-FA38-4F58-80C7-BF530F237833} = {BDB5820C-A0BD-496B-B23E-80BB38FF712C}
	EndGlobalSection
	GlobalSection(ExtensibilityGlobals) = postSolution
		SolutionGuid = {444620BA-52F8-43C9-B446-E1F2D3337B2A}
	EndGlobalSection
EndGlobal
