
Microsoft Visual Studio Solution File, Format Version 12.00
# Visual Studio Version 16
VisualStudioVersion = 16.0.30611.23
MinimumVisualStudioVersion = 10.0.40219.1
Project("{9A19103F-16F7-4668-BE54-9A1E7A4F7556}") = "TEF.Core.Api", "TEF.Core.Api\TEF.Core.Api.csproj", "{DD609302-DBEE-4018-A080-D264F966B448}"
EndProject
Project("{9A19103F-16F7-4668-BE54-9A1E7A4F7556}") = "TEF.Core.Library", "TEF.Core.Library\TEF.Core.Library.csproj", "{CCCBBAAA-A35D-48B6-ACA9-C44B66DACA6C}"
EndProject
Project("{FAE04EC0-301F-11D3-BF4B-00C04F79EFBC}") = "TEF.ImpressaoCupom", "TEF.ImpressaoCupom\TEF.ImpressaoCupom.csproj", "{CB83F1C4-9E83-4F7D-9076-FF181824C35B}"
EndProject
Global
	GlobalSection(SolutionConfigurationPlatforms) = preSolution
		Debug|Any CPU = Debug|Any CPU
		Release|Any CPU = Release|Any CPU
	EndGlobalSection
	GlobalSection(ProjectConfigurationPlatforms) = postSolution
		{DD609302-DBEE-4018-A080-D264F966B448}.Debug|Any CPU.ActiveCfg = Debug|Any CPU
		{DD609302-DBEE-4018-A080-D264F966B448}.Debug|Any CPU.Build.0 = Debug|Any CPU
		{DD609302-DBEE-4018-A080-D264F966B448}.Release|Any CPU.ActiveCfg = Release|Any CPU
		{DD609302-DBEE-4018-A080-D264F966B448}.Release|Any CPU.Build.0 = Release|Any CPU
		{CCCBBAAA-A35D-48B6-ACA9-C44B66DACA6C}.Debug|Any CPU.ActiveCfg = Debug|Any CPU
		{CCCBBAAA-A35D-48B6-ACA9-C44B66DACA6C}.Debug|Any CPU.Build.0 = Debug|Any CPU
		{CCCBBAAA-A35D-48B6-ACA9-C44B66DACA6C}.Release|Any CPU.ActiveCfg = Release|Any CPU
		{CCCBBAAA-A35D-48B6-ACA9-C44B66DACA6C}.Release|Any CPU.Build.0 = Release|Any CPU
		{CB83F1C4-9E83-4F7D-9076-FF181824C35B}.Debug|Any CPU.ActiveCfg = Debug|Any CPU
		{CB83F1C4-9E83-4F7D-9076-FF181824C35B}.Debug|Any CPU.Build.0 = Debug|Any CPU
		{CB83F1C4-9E83-4F7D-9076-FF181824C35B}.Release|Any CPU.ActiveCfg = Release|Any CPU
		{CB83F1C4-9E83-4F7D-9076-FF181824C35B}.Release|Any CPU.Build.0 = Release|Any CPU
	EndGlobalSection
	GlobalSection(SolutionProperties) = preSolution
		HideSolutionNode = FALSE
	EndGlobalSection
	GlobalSection(ExtensibilityGlobals) = postSolution
		SolutionGuid = {DB9EBBF0-35B7-4792-8184-2FB31AB931C9}
	EndGlobalSection
EndGlobal
