
Microsoft Visual Studio Solution File, Format Version 12.00
# Visual Studio Version 16
VisualStudioVersion = 16.0.32106.194
MinimumVisualStudioVersion = 10.0.40219.1
Project("{FAE04EC0-301F-11D3-BF4B-00C04F79EFBC}") = "Shell", "Shell\Shell\Shell.csproj", "{B3F2ABD6-DD50-4BC7-B6A6-0A19CC3076B6}"
	ProjectSection(ProjectDependencies) = postProject
		{3A9E2802-11E5-433E-92AA-7AF1D9B3F12F} = {3A9E2802-11E5-433E-92AA-7AF1D9B3F12F}
	EndProjectSection
EndProject
Project("{2150E333-8FDC-42A3-9474-1A3956D46DE8}") = "Shell", "Shell", "{5DE7607C-1AE4-44D5-944D-041DC1FFBD95}"
EndProject
Project("{2150E333-8FDC-42A3-9474-1A3956D46DE8}") = "Modulos", "Modulos", "{B64497C0-715F-45FB-BED9-91ECD8A2EFA5}"
EndProject
Project("{2150E333-8FDC-42A3-9474-1A3956D46DE8}") = "Visao", "Visao", "{FA5C5E7D-C5BC-4C8D-9288-7851875F302D}"
EndProject
Project("{2150E333-8FDC-42A3-9474-1A3956D46DE8}") = "Aplicacoes", "Aplicacoes", "{C6125EE5-DE2B-469C-A298-AFF576D0D08C}"
EndProject
Project("{2150E333-8FDC-42A3-9474-1A3956D46DE8}") = "Dominio", "Dominio", "{FC50097E-4FAF-4067-87E6-CC540A3C40F5}"
EndProject
Project("{2150E333-8FDC-42A3-9474-1A3956D46DE8}") = "Infraestrutura", "Infraestrutura", "{9A4119AD-E0B0-4B91-BA33-E37B52E7945D}"
EndProject
Project("{FAE04EC0-301F-11D3-BF4B-00C04F79EFBC}") = "Formularios", "Shell\1-Visao\Formularios\Formularios.csproj", "{3A9E2802-11E5-433E-92AA-7AF1D9B3F12F}"
EndProject
Project("{FAE04EC0-301F-11D3-BF4B-00C04F79EFBC}") = "Repositorio", "Shell\4-Infraestrutura\Repositorio\Repositorio.csproj", "{CE218BFB-1362-4062-89E4-B016158CCDC7}"
EndProject
Project("{FAE04EC0-301F-11D3-BF4B-00C04F79EFBC}") = "Processos", "Shell\2-Aplicacoes\Processos\Processos.csproj", "{42F6DD2E-CC55-4B17-BB60-9B383EB59D5D}"
EndProject
Project("{FAE04EC0-301F-11D3-BF4B-00C04F79EFBC}") = "ModelPrincipal", "Shell\3-Dominio\ModelPrincipal\ModelPrincipal.csproj", "{E894BAC1-300C-4EA7-B34F-52FBDCDE5ED7}"
EndProject
Project("{FAE04EC0-301F-11D3-BF4B-00C04F79EFBC}") = "Paciente", "Modulos\Paciente\Paciente.csproj", "{42314730-53F3-4B04-8AD3-E8CD20EDBFA9}"
EndProject
Global
	GlobalSection(SolutionConfigurationPlatforms) = preSolution
		Debug|Any CPU = Debug|Any CPU
		Release|Any CPU = Release|Any CPU
	EndGlobalSection
	GlobalSection(ProjectConfigurationPlatforms) = postSolution
		{B3F2ABD6-DD50-4BC7-B6A6-0A19CC3076B6}.Debug|Any CPU.ActiveCfg = Debug|Any CPU
		{B3F2ABD6-DD50-4BC7-B6A6-0A19CC3076B6}.Debug|Any CPU.Build.0 = Debug|Any CPU
		{B3F2ABD6-DD50-4BC7-B6A6-0A19CC3076B6}.Release|Any CPU.ActiveCfg = Release|Any CPU
		{B3F2ABD6-DD50-4BC7-B6A6-0A19CC3076B6}.Release|Any CPU.Build.0 = Release|Any CPU
		{3A9E2802-11E5-433E-92AA-7AF1D9B3F12F}.Debug|Any CPU.ActiveCfg = Debug|Any CPU
		{3A9E2802-11E5-433E-92AA-7AF1D9B3F12F}.Debug|Any CPU.Build.0 = Debug|Any CPU
		{3A9E2802-11E5-433E-92AA-7AF1D9B3F12F}.Release|Any CPU.ActiveCfg = Release|Any CPU
		{3A9E2802-11E5-433E-92AA-7AF1D9B3F12F}.Release|Any CPU.Build.0 = Release|Any CPU
		{CE218BFB-1362-4062-89E4-B016158CCDC7}.Debug|Any CPU.ActiveCfg = Debug|Any CPU
		{CE218BFB-1362-4062-89E4-B016158CCDC7}.Debug|Any CPU.Build.0 = Debug|Any CPU
		{CE218BFB-1362-4062-89E4-B016158CCDC7}.Release|Any CPU.ActiveCfg = Release|Any CPU
		{CE218BFB-1362-4062-89E4-B016158CCDC7}.Release|Any CPU.Build.0 = Release|Any CPU
		{42F6DD2E-CC55-4B17-BB60-9B383EB59D5D}.Debug|Any CPU.ActiveCfg = Debug|Any CPU
		{42F6DD2E-CC55-4B17-BB60-9B383EB59D5D}.Debug|Any CPU.Build.0 = Debug|Any CPU
		{42F6DD2E-CC55-4B17-BB60-9B383EB59D5D}.Release|Any CPU.ActiveCfg = Release|Any CPU
		{42F6DD2E-CC55-4B17-BB60-9B383EB59D5D}.Release|Any CPU.Build.0 = Release|Any CPU
		{E894BAC1-300C-4EA7-B34F-52FBDCDE5ED7}.Debug|Any CPU.ActiveCfg = Debug|Any CPU
		{E894BAC1-300C-4EA7-B34F-52FBDCDE5ED7}.Debug|Any CPU.Build.0 = Debug|Any CPU
		{E894BAC1-300C-4EA7-B34F-52FBDCDE5ED7}.Release|Any CPU.ActiveCfg = Release|Any CPU
		{E894BAC1-300C-4EA7-B34F-52FBDCDE5ED7}.Release|Any CPU.Build.0 = Release|Any CPU
		{42314730-53F3-4B04-8AD3-E8CD20EDBFA9}.Debug|Any CPU.ActiveCfg = Debug|Any CPU
		{42314730-53F3-4B04-8AD3-E8CD20EDBFA9}.Debug|Any CPU.Build.0 = Debug|Any CPU
		{42314730-53F3-4B04-8AD3-E8CD20EDBFA9}.Release|Any CPU.ActiveCfg = Release|Any CPU
		{42314730-53F3-4B04-8AD3-E8CD20EDBFA9}.Release|Any CPU.Build.0 = Release|Any CPU
	EndGlobalSection
	GlobalSection(SolutionProperties) = preSolution
		HideSolutionNode = FALSE
	EndGlobalSection
	GlobalSection(NestedProjects) = preSolution
		{B3F2ABD6-DD50-4BC7-B6A6-0A19CC3076B6} = {5DE7607C-1AE4-44D5-944D-041DC1FFBD95}
		{FA5C5E7D-C5BC-4C8D-9288-7851875F302D} = {5DE7607C-1AE4-44D5-944D-041DC1FFBD95}
		{C6125EE5-DE2B-469C-A298-AFF576D0D08C} = {5DE7607C-1AE4-44D5-944D-041DC1FFBD95}
		{FC50097E-4FAF-4067-87E6-CC540A3C40F5} = {5DE7607C-1AE4-44D5-944D-041DC1FFBD95}
		{9A4119AD-E0B0-4B91-BA33-E37B52E7945D} = {5DE7607C-1AE4-44D5-944D-041DC1FFBD95}
		{3A9E2802-11E5-433E-92AA-7AF1D9B3F12F} = {FA5C5E7D-C5BC-4C8D-9288-7851875F302D}
		{CE218BFB-1362-4062-89E4-B016158CCDC7} = {9A4119AD-E0B0-4B91-BA33-E37B52E7945D}
		{42F6DD2E-CC55-4B17-BB60-9B383EB59D5D} = {C6125EE5-DE2B-469C-A298-AFF576D0D08C}
		{E894BAC1-300C-4EA7-B34F-52FBDCDE5ED7} = {FC50097E-4FAF-4067-87E6-CC540A3C40F5}
		{42314730-53F3-4B04-8AD3-E8CD20EDBFA9} = {B64497C0-715F-45FB-BED9-91ECD8A2EFA5}
	EndGlobalSection
	GlobalSection(ExtensibilityGlobals) = postSolution
		SolutionGuid = {484F1573-A8A2-4A73-8F24-8E8FB1FFA451}
	EndGlobalSection
EndGlobal
